
Microsoft Visual Studio Solution File, Format Version 12.00
# Visual Studio Version 16
VisualStudioVersion = 16.0.30320.27
MinimumVisualStudioVersion = 15.0.26124.0
Project("{FAE04EC0-301F-11D3-BF4B-00C04F79EFBC}") = "Praxent.API.Client", "Praxent.API.Client\Praxent.API.Client.csproj", "{4C6B24FD-30B6-4703-901D-6EA7BF7434FC}"
EndProject
Global
	GlobalSection(SolutionProperties) = preSolution
		HideSolutionNode = FALSE
	EndGlobalSection
	GlobalSection(ExtensibilityGlobals) = postSolution
		SolutionGuid = {FD66480E-B331-4494-B62C-1AE567436C2B}
	EndGlobalSection
	GlobalSection(SolutionConfigurationPlatforms) = preSolution
		Debug|Any CPU = Debug|Any CPU
		Debug|x64 = Debug|x64
		Debug|x86 = Debug|x86
		Release|Any CPU = Release|Any CPU
		Release|x64 = Release|x64
		Release|x86 = Release|x86
	EndGlobalSection
	GlobalSection(ProjectConfigurationPlatforms) = postSolution
		{4C6B24FD-30B6-4703-901D-6EA7BF7434FC}.Debug|Any CPU.ActiveCfg = Debug|Any CPU
		{4C6B24FD-30B6-4703-901D-6EA7BF7434FC}.Debug|Any CPU.Build.0 = Debug|Any CPU
		{4C6B24FD-30B6-4703-901D-6EA7BF7434FC}.Debug|x64.ActiveCfg = Debug|Any CPU
		{4C6B24FD-30B6-4703-901D-6EA7BF7434FC}.Debug|x64.Build.0 = Debug|Any CPU
		{4C6B24FD-30B6-4703-901D-6EA7BF7434FC}.Debug|x86.ActiveCfg = Debug|Any CPU
		{4C6B24FD-30B6-4703-901D-6EA7BF7434FC}.Debug|x86.Build.0 = Debug|Any CPU
		{4C6B24FD-30B6-4703-901D-6EA7BF7434FC}.Release|Any CPU.ActiveCfg = Release|Any CPU
		{4C6B24FD-30B6-4703-901D-6EA7BF7434FC}.Release|Any CPU.Build.0 = Release|Any CPU
		{4C6B24FD-30B6-4703-901D-6EA7BF7434FC}.Release|x64.ActiveCfg = Release|Any CPU
		{4C6B24FD-30B6-4703-901D-6EA7BF7434FC}.Release|x64.Build.0 = Release|Any CPU
		{4C6B24FD-30B6-4703-901D-6EA7BF7434FC}.Release|x86.ActiveCfg = Release|Any CPU
		{4C6B24FD-30B6-4703-901D-6EA7BF7434FC}.Release|x86.Build.0 = Release|Any CPU
	EndGlobalSection
EndGlobal
